
Microsoft Visual Studio Solution File, Format Version 12.00
# Visual Studio Version 17
VisualStudioVersion = 17.0.32112.339
MinimumVisualStudioVersion = 10.0.40219.1
Project("{FAE04EC0-301F-11D3-BF4B-00C04F79EFBC}") = "AirLabs", "AirLabs\AirLabs.csproj", "{65838D8A-430D-458E-905E-CB70A3D9B488}"
EndProject
Global
	GlobalSection(SolutionConfigurationPlatforms) = preSolution
		Debug|Any CPU = Debug|Any CPU
		Release|Any CPU = Release|Any CPU
	EndGlobalSection
	GlobalSection(ProjectConfigurationPlatforms) = postSolution
		{65838D8A-430D-458E-905E-CB70A3D9B488}.Debug|Any CPU.ActiveCfg = Debug|Any CPU
		{65838D8A-430D-458E-905E-CB70A3D9B488}.Debug|Any CPU.Build.0 = Debug|Any CPU
		{65838D8A-430D-458E-905E-CB70A3D9B488}.Release|Any CPU.ActiveCfg = Release|Any CPU
		{65838D8A-430D-458E-905E-CB70A3D9B488}.Release|Any CPU.Build.0 = Release|Any CPU
	EndGlobalSection
	GlobalSection(SolutionProperties) = preSolution
		HideSolutionNode = FALSE
	EndGlobalSection
	GlobalSection(ExtensibilityGlobals) = postSolution
		SolutionGuid = {097400E3-653F-452A-B6C1-DC751AB3D790}
	EndGlobalSection
EndGlobal
